{
  "sources": {
    "pricetool": {
      "path": "./cookbooks/pricetool"
    },
    "apt": {
      "locked_version": "2.1.1"
    },
    "chef-client": {
      "locked_version": "3.1.0"
    },
    "cron": {
      "locked_version": "1.2.8"
    },
    "logrotate": {
      "locked_version": "1.4.0"
    }
  }
}
